<?xml version="1.0" encoding="utf-8"?>
<Project ToolsVersion="4.0" xmlns="http://schemas.microsoft.com/developer/msbuild/2003">
  <ItemGroup>
    <Filter Include="DXModel">
      <UniqueIdentifier>{f99ea933-3d18-461c-be32-b3f9d65da825}</UniqueIdentifier>
    </Filter>
    <Filter Include="JoltPhysics">
      <UniqueIdentifier>{4583c1e7-c3d0-4b6c-903e-52bd8456bd30}</UniqueIdentifier>
    </Filter>
    <Filter Include="GameStage">
      <UniqueIdentifier>{44886c04-d035-488d-bc36-f93ccfc8f211}</UniqueIdentifier>
    </Filter>
    <Filter Include="Player">
      <UniqueIdentifier>{a426b02b-c795-4a41-87ec-47ffaac1adb6}</UniqueIdentifier>
    </Filter>
    <Filter Include="Other">
      <UniqueIdentifier>{9fda1c0e-a4fd-43e4-86a9-8b63c238e13a}</UniqueIdentifier>
    </Filter>
    <Filter Include="Other\Character">
      <UniqueIdentifier>{0d6ef609-1bf0-4832-98a8-06fcd8fe6587}</UniqueIdentifier>
    </Filter>
    <Filter Include="Other\Scene">
      <UniqueIdentifier>{07400fd7-e966-4128-902c-9c6da5de3eb7}</UniqueIdentifier>
    </Filter>
    <Filter Include="Components">
      <UniqueIdentifier>{6a0c17bd-5d37-47b3-8b66-0fe326912722}</UniqueIdentifier>
    </Filter>
    <Filter Include="Components\Move">
      <UniqueIdentifier>{21c05402-873e-4dbc-b664-adaadc3eb6b2}</UniqueIdentifier>
    </Filter>
    <Filter Include="Bubble">
      <UniqueIdentifier>{3fc01e5a-4f33-400a-96b0-d63ae82b3e41}</UniqueIdentifier>
    </Filter>
    <Filter Include="TrampolineBubbles">
      <UniqueIdentifier>{96f4d474-dd05-46ab-b853-d648037e1951}</UniqueIdentifier>
    </Filter>
  </ItemGroup>
  <ItemGroup>
    <ClInclude Include="$(MSBuildThisFileDirectory)PNTDXModelDraw.h">
      <Filter>DXModel</Filter>
    </ClInclude>
    <ClInclude Include="$(MSBuildThisFileDirectory)DXModel.h">
      <Filter>DXModel</Filter>
    </ClInclude>
    <ClInclude Include="$(MSBuildThisFileDirectory)DXModelResource.h">
      <Filter>DXModel</Filter>
    </ClInclude>
    <ClInclude Include="$(MSBuildThisFileDirectory)JoltLayers.h">
      <Filter>JoltPhysics</Filter>
    </ClInclude>
    <ClInclude Include="$(MSBuildThisFileDirectory)JoltManager.h">
      <Filter>JoltPhysics</Filter>
    </ClInclude>
    <ClInclude Include="$(MSBuildThisFileDirectory)JoltRigidBody.h">
      <Filter>JoltPhysics</Filter>
    </ClInclude>
    <ClInclude Include="$(MSBuildThisFileDirectory)CharacterController.h">
      <Filter>JoltPhysics</Filter>
    </ClInclude>
    <ClInclude Include="$(MSBuildThisFileDirectory)Character.h">
      <Filter>Other\Character</Filter>
    </ClInclude>
    <ClInclude Include="$(MSBuildThisFileDirectory)Player.h">
      <Filter>Player</Filter>
    </ClInclude>
    <ClInclude Include="$(MSBuildThisFileDirectory)GameStage.h">
      <Filter>GameStage</Filter>
    </ClInclude>
    <ClInclude Include="$(MSBuildThisFileDirectory)Scene.h">
      <Filter>Other\Scene</Filter>
    </ClInclude>
    <ClInclude Include="$(MSBuildThisFileDirectory)Project.h">
      <Filter>Other</Filter>
    </ClInclude>
    <ClInclude Include="$(MSBuildThisFileDirectory)Move.h">
      <Filter>Components\Move</Filter>
    </ClInclude>
    <ClInclude Include="$(MSBuildThisFileDirectory)Bubble.h">
      <Filter>Bubble</Filter>
    </ClInclude>
    <ClInclude Include="$(MSBuildThisFileDirectory)TrampolineBubbles.h">
      <Filter>TrampolineBubbles</Filter>
    </ClInclude>
  </ItemGroup>
  <ItemGroup>
    <ClCompile Include="$(MSBuildThisFileDirectory)PNTDXModelDraw.cpp">
      <Filter>DXModel</Filter>
    </ClCompile>
    <ClCompile Include="$(MSBuildThisFileDirectory)DXModel.cpp">
      <Filter>DXModel</Filter>
    </ClCompile>
    <ClCompile Include="$(MSBuildThisFileDirectory)DXModelResource.cpp">
      <Filter>DXModel</Filter>
    </ClCompile>
    <ClCompile Include="$(MSBuildThisFileDirectory)JoltManager.cpp">
      <Filter>JoltPhysics</Filter>
    </ClCompile>
    <ClCompile Include="$(MSBuildThisFileDirectory)JoltRigidBody.cpp">
      <Filter>JoltPhysics</Filter>
    </ClCompile>
    <ClCompile Include="$(MSBuildThisFileDirectory)CharacterController.cpp">
      <Filter>JoltPhysics</Filter>
    </ClCompile>
    <ClCompile Include="$(MSBuildThisFileDirectory)Character.cpp">
      <Filter>Other\Character</Filter>
    </ClCompile>
    <ClCompile Include="$(MSBuildThisFileDirectory)Player.cpp">
      <Filter>Player</Filter>
    </ClCompile>
    <ClCompile Include="$(MSBuildThisFileDirectory)GameStage.cpp">
      <Filter>GameStage</Filter>
    </ClCompile>
    <ClCompile Include="$(MSBuildThisFileDirectory)Scene.cpp">
      <Filter>Other\Scene</Filter>
    </ClCompile>
    <ClCompile Include="$(MSBuildThisFileDirectory)WinMain.cpp">
      <Filter>Other</Filter>
    </ClCompile>
    <ClCompile Include="$(MSBuildThisFileDirectory)Move.cpp">
      <Filter>Components\Move</Filter>
    </ClCompile>
    <ClCompile Include="$(MSBuildThisFileDirectory)Bubble.cpp">
      <Filter>Bubble</Filter>
    </ClCompile>
    <ClCompile Include="$(MSBuildThisFileDirectory)TrampolineBubbles.cpp">
      <Filter>TrampolineBubbles</Filter>
    </ClCompile>
  </ItemGroup>
</Project>