<?xml version="1.0" encoding="utf-8"?>
<Project ToolsVersion="4.0" xmlns="http://schemas.microsoft.com/developer/msbuild/2003">
  <ItemGroup>
    <Filter Include="Player">
      <UniqueIdentifier>{a426b02b-c795-4a41-87ec-47ffaac1adb6}</UniqueIdentifier>
    </Filter>
    <Filter Include="Other">
      <UniqueIdentifier>{9fda1c0e-a4fd-43e4-86a9-8b63c238e13a}</UniqueIdentifier>
    </Filter>
    <Filter Include="Other\Scene">
      <UniqueIdentifier>{07400fd7-e966-4128-902c-9c6da5de3eb7}</UniqueIdentifier>
    </Filter>
    <Filter Include="Components">
      <UniqueIdentifier>{6a0c17bd-5d37-47b3-8b66-0fe326912722}</UniqueIdentifier>
    </Filter>
    <Filter Include="Components\Move">
      <UniqueIdentifier>{21c05402-873e-4dbc-b664-adaadc3eb6b2}</UniqueIdentifier>
    </Filter>
    <Filter Include="StageEditor">
      <UniqueIdentifier>{08b470f4-4b4d-4c54-a4f0-2ceedb2520f4}</UniqueIdentifier>
    </Filter>
    <Filter Include="Components\FurBubble">
      <UniqueIdentifier>{8674e8db-c4f2-4b05-b50b-96f8d7fdc5f4}</UniqueIdentifier>
    </Filter>
    <Filter Include="StageObjs">
      <UniqueIdentifier>{89f1cea3-43a3-4c09-ba67-6155a09afe42}</UniqueIdentifier>
    </Filter>
    <Filter Include="StageObjs\Ground">
      <UniqueIdentifier>{dfc850c2-9546-4026-913f-27c9ace8e23a}</UniqueIdentifier>
    </Filter>
    <Filter Include="StageObjs\Tree">
      <UniqueIdentifier>{9ac04856-dc06-45e0-9aa7-d44ba717ea85}</UniqueIdentifier>
    </Filter>
    <Filter Include="StageObjs\Mushroom">
      <UniqueIdentifier>{45cb8b8a-fa28-45d1-b5c7-76cdb52820cc}</UniqueIdentifier>
    </Filter>
    <Filter Include="Enemys">
      <UniqueIdentifier>{85694c62-382e-4de7-9053-e8b7df7afc38}</UniqueIdentifier>
    </Filter>
    <Filter Include="Enemys\EnemyBase">
      <UniqueIdentifier>{9efee019-3b70-4d8d-96bf-e021d5148ea0}</UniqueIdentifier>
    </Filter>
    <Filter Include="StageObjs\Dirt">
      <UniqueIdentifier>{39d59122-b66e-4782-821f-96b7efd9fd24}</UniqueIdentifier>
    </Filter>
    <Filter Include="Enemys\EnemyAlpaca">
      <UniqueIdentifier>{fa65c350-268e-4710-ad92-837b193b8bba}</UniqueIdentifier>
    </Filter>
    <Filter Include="Other\Gizmo">
      <UniqueIdentifier>{d5b71f8e-698d-459f-8589-0afde89ea35a}</UniqueIdentifier>
    </Filter>
    <Filter Include="Managers">
      <UniqueIdentifier>{55cc9a0f-5e26-4ef0-a456-1340b4dfd933}</UniqueIdentifier>
    </Filter>
    <Filter Include="Managers\GameManager">
      <UniqueIdentifier>{320113fa-92c9-4239-a2ca-054d8c53265c}</UniqueIdentifier>
    </Filter>
    <Filter Include="Managers\InputManager">
      <UniqueIdentifier>{345b9f9b-9935-428f-a1b3-486158b14cec}</UniqueIdentifier>
    </Filter>
    <Filter Include="Managers\SoundManager">
      <UniqueIdentifier>{98d05556-aa24-4e1c-a847-8fd808a847fa}</UniqueIdentifier>
    </Filter>
    <Filter Include="Stages">
      <UniqueIdentifier>{256ab431-eb0d-49f4-b80c-410d455bdcf4}</UniqueIdentifier>
    </Filter>
    <Filter Include="Stages\GameStage">
      <UniqueIdentifier>{44886c04-d035-488d-bc36-f93ccfc8f211}</UniqueIdentifier>
    </Filter>
    <Filter Include="Stages\TitleStage">
      <UniqueIdentifier>{aeb52692-325e-4c1f-a563-aaef27e7ff96}</UniqueIdentifier>
    </Filter>
    <Filter Include="Stages\SelectStage">
      <UniqueIdentifier>{e42f73f0-9ccb-4b73-9978-5d59640e7123}</UniqueIdentifier>
    </Filter>
    <Filter Include="Bubbles">
      <UniqueIdentifier>{e9cf5192-47f0-462e-aafd-cb8ca3241030}</UniqueIdentifier>
    </Filter>
    <Filter Include="Bubbles\Bubble">
      <UniqueIdentifier>{3fc01e5a-4f33-400a-96b0-d63ae82b3e41}</UniqueIdentifier>
    </Filter>
    <Filter Include="Bubbles\TrampolineBubbles">
      <UniqueIdentifier>{96f4d474-dd05-46ab-b853-d648037e1951}</UniqueIdentifier>
    </Filter>
    <Filter Include="BaseCrossOther">
      <UniqueIdentifier>{b8ef18ac-d696-4ff9-bf61-899ebf232467}</UniqueIdentifier>
    </Filter>
    <Filter Include="BaseCrossOther\DXModel">
      <UniqueIdentifier>{f99ea933-3d18-461c-be32-b3f9d65da825}</UniqueIdentifier>
    </Filter>
    <Filter Include="BaseCrossOther\JoltPhysics">
      <UniqueIdentifier>{4583c1e7-c3d0-4b6c-903e-52bd8456bd30}</UniqueIdentifier>
    </Filter>
    <Filter Include="BaseCrossOther\Character">
      <UniqueIdentifier>{0d6ef609-1bf0-4832-98a8-06fcd8fe6587}</UniqueIdentifier>
    </Filter>
    <Filter Include="Other\MyCamera">
      <UniqueIdentifier>{ef82b8d1-cdad-4e66-b6da-df96825a2725}</UniqueIdentifier>
    </Filter>
    <Filter Include="Other\DebugLog">
      <UniqueIdentifier>{f89c2eba-852e-4270-81d8-cbca4df35008}</UniqueIdentifier>
    </Filter>
    <Filter Include="StageObjs\SkyBox">
      <UniqueIdentifier>{77ff2d4b-f88c-4261-9fa0-8b1e2766a734}</UniqueIdentifier>
    </Filter>
    <Filter Include="UIs">
      <UniqueIdentifier>{d6b437cb-2676-443e-84a3-58c494b224e8}</UniqueIdentifier>
    </Filter>
    <Filter Include="UIs\UIBase">
      <UniqueIdentifier>{2a8e3c61-d1f6-4c40-9042-f59d42eac3c4}</UniqueIdentifier>
    </Filter>
    <Filter Include="UIs\UIBlinking">
      <UniqueIdentifier>{18128f1a-83ce-4a96-b9fe-0d49188083f7}</UniqueIdentifier>
    </Filter>
    <Filter Include="Items">
      <UniqueIdentifier>{a83a1d27-3afb-42d3-9a66-d5ba1adea2db}</UniqueIdentifier>
    </Filter>
    <Filter Include="Items\ItemBase">
      <UniqueIdentifier>{1bfcef49-ef24-46a4-b8c4-0e1d8c928efc}</UniqueIdentifier>
    </Filter>
    <Filter Include="Items\PowerUpSoap">
      <UniqueIdentifier>{959895b3-abf3-4b57-9b5c-7746a9c9a5f2}</UniqueIdentifier>
    </Filter>
    <Filter Include="StageObjs\Stone">
      <UniqueIdentifier>{c911c7bb-bfbc-41f9-b3a3-6bbab7fb6765}</UniqueIdentifier>
    </Filter>
    <Filter Include="UIs\UISlide">
      <UniqueIdentifier>{d9f67234-b969-4c2e-bdb4-04302f45be52}</UniqueIdentifier>
    </Filter>
    <Filter Include="UIs\UITransitionSlide">
      <UniqueIdentifier>{e2a20a76-d540-4e26-9b39-ec3c49a929e0}</UniqueIdentifier>
    </Filter>
    <Filter Include="StageObjs\FallenTree">
      <UniqueIdentifier>{03d62edd-bef3-4379-a414-b905205e803c}</UniqueIdentifier>
    </Filter>
    <Filter Include="StageObjs\FirTree">
      <UniqueIdentifier>{6f06704e-ccc7-495e-9140-fad968ffe6a4}</UniqueIdentifier>
    </Filter>
    <Filter Include="Stages\GameOverStage">
      <UniqueIdentifier>{f711c955-d733-4d3a-837a-c4c7c985f081}</UniqueIdentifier>
    </Filter>
    <Filter Include="Stages\GameClearStage">
      <UniqueIdentifier>{9d7cca78-6ae9-4362-a114-e38776415536}</UniqueIdentifier>
    </Filter>
    <Filter Include="StageObjs\Slope">
      <UniqueIdentifier>{c235be90-4ae1-4493-a111-42f4303a8887}</UniqueIdentifier>
    </Filter>
    <Filter Include="Other\LoadMedia">
      <UniqueIdentifier>{95f26bde-4502-4f0e-9682-0e65e0e2daf5}</UniqueIdentifier>
    </Filter>
    <Filter Include="Managers\EffectUpdateDrawManager">
      <UniqueIdentifier>{7a0421e3-dc6b-4b74-a23f-3fb2fb9d26c4}</UniqueIdentifier>
    </Filter>
    <Filter Include="Managers\EffectManager">
      <UniqueIdentifier>{5e811e18-8067-4aee-b08f-e641e0fe2d7a}</UniqueIdentifier>
    </Filter>
    <Filter Include="StageObjs\Fence">
      <UniqueIdentifier>{67fc20dd-d343-4dbf-b62f-c162fc813711}</UniqueIdentifier>
    </Filter>
    <Filter Include="StageObjs\LongMushroom">
      <UniqueIdentifier>{2c9a2adc-de3a-430d-b100-cb9c2694b0e1}</UniqueIdentifier>
    </Filter>
  </ItemGroup>
  <ItemGroup>
    <ClInclude Include="$(MSBuildThisFileDirectory)PNTDXModelDraw.h">
      <Filter>BaseCrossOther\DXModel</Filter>
    </ClInclude>
    <ClInclude Include="$(MSBuildThisFileDirectory)DXModel.h">
      <Filter>BaseCrossOther\DXModel</Filter>
    </ClInclude>
    <ClInclude Include="$(MSBuildThisFileDirectory)DXModelResource.h">
      <Filter>BaseCrossOther\DXModel</Filter>
    </ClInclude>
    <ClInclude Include="$(MSBuildThisFileDirectory)JoltLayers.h">
      <Filter>BaseCrossOther\JoltPhysics</Filter>
    </ClInclude>
    <ClInclude Include="$(MSBuildThisFileDirectory)JoltManager.h">
      <Filter>BaseCrossOther\JoltPhysics</Filter>
    </ClInclude>
    <ClInclude Include="$(MSBuildThisFileDirectory)JoltRigidBody.h">
      <Filter>BaseCrossOther\JoltPhysics</Filter>
    </ClInclude>
    <ClInclude Include="$(MSBuildThisFileDirectory)CharacterController.h">
      <Filter>BaseCrossOther\JoltPhysics</Filter>
    </ClInclude>
    <ClInclude Include="$(MSBuildThisFileDirectory)Character.h">
      <Filter>BaseCrossOther\Character</Filter>
    </ClInclude>
    <ClInclude Include="$(MSBuildThisFileDirectory)Player.h">
      <Filter>Player</Filter>
    </ClInclude>
    <ClInclude Include="$(MSBuildThisFileDirectory)GameStage.h">
      <Filter>Stages\GameStage</Filter>
    </ClInclude>
    <ClInclude Include="$(MSBuildThisFileDirectory)Scene.h">
      <Filter>Other\Scene</Filter>
    </ClInclude>
    <ClInclude Include="$(MSBuildThisFileDirectory)Move.h">
      <Filter>Components\Move</Filter>
    </ClInclude>
    <ClInclude Include="$(MSBuildThisFileDirectory)Bubble.h">
      <Filter>Bubbles\Bubble</Filter>
    </ClInclude>
    <ClInclude Include="$(MSBuildThisFileDirectory)TrampolineBubbles.h">
      <Filter>Bubbles\TrampolineBubbles</Filter>
    </ClInclude>
    <ClInclude Include="$(MSBuildThisFileDirectory)Ground.h">
      <Filter>StageObjs\Ground</Filter>
    </ClInclude>
    <ClInclude Include="$(MSBuildThisFileDirectory)GameManager.h">
      <Filter>Managers\GameManager</Filter>
    </ClInclude>
    <ClInclude Include="$(MSBuildThisFileDirectory)InputManager.h">
      <Filter>Managers\InputManager</Filter>
    </ClInclude>
    <ClInclude Include="$(MSBuildThisFileDirectory)StageEditor.h">
      <Filter>StageEditor</Filter>
    </ClInclude>
    <ClInclude Include="$(MSBuildThisFileDirectory)FurBubble.h">
      <Filter>Components\FurBubble</Filter>
    </ClInclude>
    <ClInclude Include="$(MSBuildThisFileDirectory)Tree.h">
      <Filter>StageObjs\Tree</Filter>
    </ClInclude>
    <ClInclude Include="$(MSBuildThisFileDirectory)Mushroom.h">
      <Filter>StageObjs\Mushroom</Filter>
    </ClInclude>
    <ClInclude Include="$(MSBuildThisFileDirectory)DebugLog.h">
      <Filter>Other\DebugLog</Filter>
    </ClInclude>
    <ClInclude Include="$(MSBuildThisFileDirectory)MyCamera.h">
      <Filter>Other\MyCamera</Filter>
    </ClInclude>
    <ClInclude Include="$(MSBuildThisFileDirectory)EnemyBase.h">
      <Filter>Enemys\EnemyBase</Filter>
    </ClInclude>
    <ClInclude Include="$(MSBuildThisFileDirectory)Dirt.h">
      <Filter>StageObjs\Dirt</Filter>
    </ClInclude>
    <ClInclude Include="$(MSBuildThisFileDirectory)BinaryFile.h">
      <Filter>Other</Filter>
    </ClInclude>
    <ClInclude Include="$(MSBuildThisFileDirectory)StageObjectInterface.h">
      <Filter>Other</Filter>
    </ClInclude>
    <ClInclude Include="$(MSBuildThisFileDirectory)EnemyAlpaca.h">
      <Filter>Enemys\EnemyAlpaca</Filter>
    </ClInclude>
    <ClInclude Include="$(MSBuildThisFileDirectory)Gizmo.h">
      <Filter>Other\Gizmo</Filter>
    </ClInclude>
    <ClInclude Include="$(MSBuildThisFileDirectory)SoundManager.h">
      <Filter>Managers\SoundManager</Filter>
    </ClInclude>
    <ClInclude Include="$(MSBuildThisFileDirectory)SkyBox.h">
      <Filter>StageObjs\SkyBox</Filter>
    </ClInclude>
    <ClInclude Include="$(MSBuildThisFileDirectory)TitleStage.h">
      <Filter>Stages\TitleStage</Filter>
    </ClInclude>
    <ClInclude Include="$(MSBuildThisFileDirectory)SelectStage.h">
      <Filter>Stages\SelectStage</Filter>
    </ClInclude>
    <ClInclude Include="$(MSBuildThisFileDirectory)Project.h">
      <Filter>BaseCrossOther</Filter>
    </ClInclude>
    <ClInclude Include="$(MSBuildThisFileDirectory)UIBase.h">
      <Filter>UIs\UIBase</Filter>
    </ClInclude>
    <ClInclude Include="$(MSBuildThisFileDirectory)UIBlinking.h">
      <Filter>UIs\UIBlinking</Filter>
    </ClInclude>
    <ClInclude Include="$(MSBuildThisFileDirectory)ItemBase.h">
      <Filter>Items\ItemBase</Filter>
    </ClInclude>
    <ClInclude Include="$(MSBuildThisFileDirectory)PowerUpSoap.h">
      <Filter>Items\PowerUpSoap</Filter>
    </ClInclude>
    <ClInclude Include="$(MSBuildThisFileDirectory)Stone.h">
      <Filter>StageObjs\Stone</Filter>
    </ClInclude>
    <ClInclude Include="$(MSBuildThisFileDirectory)UISlide.h">
      <Filter>UIs\UISlide</Filter>
    </ClInclude>
    <ClInclude Include="$(MSBuildThisFileDirectory)UITransitionSlide.h">
      <Filter>UIs\UITransitionSlide</Filter>
    </ClInclude>
    <ClInclude Include="$(MSBuildThisFileDirectory)FallenTree.h">
      <Filter>StageObjs\FallenTree</Filter>
    </ClInclude>
    <ClInclude Include="$(MSBuildThisFileDirectory)FirTree.h">
      <Filter>StageObjs\FirTree</Filter>
    </ClInclude>
    <ClInclude Include="$(MSBuildThisFileDirectory)GameOverStage.h">
      <Filter>Stages\GameOverStage</Filter>
    </ClInclude>
    <ClInclude Include="$(MSBuildThisFileDirectory)GameClearStage.h">
      <Filter>Stages\GameClearStage</Filter>
    </ClInclude>
    <ClInclude Include="$(MSBuildThisFileDirectory)Slope.h">
      <Filter>StageObjs\Slope</Filter>
    </ClInclude>
    <ClInclude Include="$(MSBuildThisFileDirectory)Utils.h">
      <Filter>Other</Filter>
    </ClInclude>
    <ClInclude Include="$(MSBuildThisFileDirectory)LoadMedia.h">
      <Filter>Other\LoadMedia</Filter>
    </ClInclude>
    <ClInclude Include="$(MSBuildThisFileDirectory)EffectManager.h">
      <Filter>Managers\EffectManager</Filter>
    </ClInclude>
    <ClInclude Include="$(MSBuildThisFileDirectory)EffectUpdateDrawManager.h">
      <Filter>Managers\EffectUpdateDrawManager</Filter>
    </ClInclude>
    <ClInclude Include="$(MSBuildThisFileDirectory)Fence.h">
      <Filter>StageObjs\Fence</Filter>
    </ClInclude>
    <ClInclude Include="$(MSBuildThisFileDirectory)LongMushroom.h">
      <Filter>StageObjs\LongMushroom</Filter>
    </ClInclude>
  </ItemGroup>
  <ItemGroup>
    <ClCompile Include="$(MSBuildThisFileDirectory)PNTDXModelDraw.cpp">
      <Filter>BaseCrossOther\DXModel</Filter>
    </ClCompile>
    <ClCompile Include="$(MSBuildThisFileDirectory)DXModel.cpp">
      <Filter>BaseCrossOther\DXModel</Filter>
    </ClCompile>
    <ClCompile Include="$(MSBuildThisFileDirectory)DXModelResource.cpp">
      <Filter>BaseCrossOther\DXModel</Filter>
    </ClCompile>
    <ClCompile Include="$(MSBuildThisFileDirectory)JoltManager.cpp">
      <Filter>BaseCrossOther\JoltPhysics</Filter>
    </ClCompile>
    <ClCompile Include="$(MSBuildThisFileDirectory)JoltRigidBody.cpp">
      <Filter>BaseCrossOther\JoltPhysics</Filter>
    </ClCompile>
    <ClCompile Include="$(MSBuildThisFileDirectory)CharacterController.cpp">
      <Filter>BaseCrossOther\JoltPhysics</Filter>
    </ClCompile>
    <ClCompile Include="$(MSBuildThisFileDirectory)Character.cpp">
      <Filter>BaseCrossOther\Character</Filter>
    </ClCompile>
    <ClCompile Include="$(MSBuildThisFileDirectory)Player.cpp">
      <Filter>Player</Filter>
    </ClCompile>
    <ClCompile Include="$(MSBuildThisFileDirectory)GameStage.cpp">
      <Filter>Stages\GameStage</Filter>
    </ClCompile>
    <ClCompile Include="$(MSBuildThisFileDirectory)Scene.cpp">
      <Filter>Other\Scene</Filter>
    </ClCompile>
    <ClCompile Include="$(MSBuildThisFileDirectory)Move.cpp">
      <Filter>Components\Move</Filter>
    </ClCompile>
    <ClCompile Include="$(MSBuildThisFileDirectory)Bubble.cpp">
      <Filter>Bubbles\Bubble</Filter>
    </ClCompile>
    <ClCompile Include="$(MSBuildThisFileDirectory)TrampolineBubbles.cpp">
      <Filter>Bubbles\TrampolineBubbles</Filter>
    </ClCompile>
    <ClCompile Include="$(MSBuildThisFileDirectory)Ground.cpp">
      <Filter>StageObjs\Ground</Filter>
    </ClCompile>
    <ClCompile Include="$(MSBuildThisFileDirectory)GameManager.cpp">
      <Filter>Managers\GameManager</Filter>
    </ClCompile>
    <ClCompile Include="$(MSBuildThisFileDirectory)InputManager.cpp">
      <Filter>Managers\InputManager</Filter>
    </ClCompile>
    <ClCompile Include="$(MSBuildThisFileDirectory)StageEditor.cpp">
      <Filter>StageEditor</Filter>
    </ClCompile>
    <ClCompile Include="$(MSBuildThisFileDirectory)FurBubble.cpp">
      <Filter>Components\FurBubble</Filter>
    </ClCompile>
    <ClCompile Include="$(MSBuildThisFileDirectory)Tree.cpp">
      <Filter>StageObjs\Tree</Filter>
    </ClCompile>
    <ClCompile Include="$(MSBuildThisFileDirectory)Mushroom.cpp">
      <Filter>StageObjs\Mushroom</Filter>
    </ClCompile>
    <ClCompile Include="$(MSBuildThisFileDirectory)DebugLog.cpp">
      <Filter>Other\DebugLog</Filter>
    </ClCompile>
    <ClCompile Include="$(MSBuildThisFileDirectory)MyCamera.cpp">
      <Filter>Other\MyCamera</Filter>
    </ClCompile>
    <ClCompile Include="$(MSBuildThisFileDirectory)EnemyBase.cpp">
      <Filter>Enemys\EnemyBase</Filter>
    </ClCompile>
    <ClCompile Include="$(MSBuildThisFileDirectory)Dirt.cpp">
      <Filter>StageObjs\Dirt</Filter>
    </ClCompile>
    <ClCompile Include="$(MSBuildThisFileDirectory)EnemyAlpaca.cpp">
      <Filter>Enemys\EnemyAlpaca</Filter>
    </ClCompile>
    <ClCompile Include="$(MSBuildThisFileDirectory)Gizmo.cpp">
      <Filter>Other\Gizmo</Filter>
    </ClCompile>
    <ClCompile Include="$(MSBuildThisFileDirectory)SoundManager.cpp">
      <Filter>Managers\SoundManager</Filter>
    </ClCompile>
    <ClCompile Include="$(MSBuildThisFileDirectory)SkyBox.cpp">
      <Filter>StageObjs\SkyBox</Filter>
    </ClCompile>
    <ClCompile Include="$(MSBuildThisFileDirectory)TitleStage.cpp">
      <Filter>Stages\TitleStage</Filter>
    </ClCompile>
    <ClCompile Include="$(MSBuildThisFileDirectory)SelectStage.cpp">
      <Filter>Stages\SelectStage</Filter>
    </ClCompile>
    <ClCompile Include="$(MSBuildThisFileDirectory)WinMain.cpp">
      <Filter>BaseCrossOther</Filter>
    </ClCompile>
    <ClCompile Include="$(MSBuildThisFileDirectory)UIBase.cpp">
      <Filter>UIs\UIBase</Filter>
    </ClCompile>
    <ClCompile Include="$(MSBuildThisFileDirectory)UIBlinking.cpp">
      <Filter>UIs\UIBlinking</Filter>
    </ClCompile>
    <ClCompile Include="$(MSBuildThisFileDirectory)ItemBase.cpp">
      <Filter>Items\ItemBase</Filter>
    </ClCompile>
    <ClCompile Include="$(MSBuildThisFileDirectory)PowerUpSoap.cpp">
      <Filter>Items\PowerUpSoap</Filter>
    </ClCompile>
    <ClCompile Include="$(MSBuildThisFileDirectory)Stone.cpp">
      <Filter>StageObjs\Stone</Filter>
    </ClCompile>
    <ClCompile Include="$(MSBuildThisFileDirectory)UISlide.cpp">
      <Filter>UIs\UISlide</Filter>
    </ClCompile>
    <ClCompile Include="$(MSBuildThisFileDirectory)UITransitionSlide.cpp">
      <Filter>UIs\UITransitionSlide</Filter>
    </ClCompile>
    <ClCompile Include="$(MSBuildThisFileDirectory)FallenTree.cpp">
      <Filter>StageObjs\FallenTree</Filter>
    </ClCompile>
    <ClCompile Include="$(MSBuildThisFileDirectory)FirTree.cpp">
      <Filter>StageObjs\FirTree</Filter>
    </ClCompile>
    <ClCompile Include="$(MSBuildThisFileDirectory)GameOverStage.cpp">
      <Filter>Stages\GameOverStage</Filter>
    </ClCompile>
    <ClCompile Include="$(MSBuildThisFileDirectory)GameClearStage.cpp">
      <Filter>Stages\GameClearStage</Filter>
    </ClCompile>
    <ClCompile Include="$(MSBuildThisFileDirectory)Slope.cpp">
      <Filter>StageObjs\Slope</Filter>
    </ClCompile>
    <ClCompile Include="$(MSBuildThisFileDirectory)LoadMedia.cpp">
      <Filter>Other\LoadMedia</Filter>
    </ClCompile>
    <ClCompile Include="$(MSBuildThisFileDirectory)EffectManager.cpp">
      <Filter>Managers\EffectManager</Filter>
    </ClCompile>
    <ClCompile Include="$(MSBuildThisFileDirectory)EffectUpdateDrawManager.cpp">
      <Filter>Managers\EffectUpdateDrawManager</Filter>
    </ClCompile>
    <ClCompile Include="$(MSBuildThisFileDirectory)Fence.cpp">
      <Filter>StageObjs\Fence</Filter>
    </ClCompile>
    <ClCompile Include="$(MSBuildThisFileDirectory)LongMushroom.cpp">
      <Filter>StageObjs\LongMushroom</Filter>
    </ClCompile>
  </ItemGroup>
</Project>